
Microsoft Visual Studio Solution File, Format Version 12.00
# Visual Studio Version 17
VisualStudioVersion = 17.5.33530.505
MinimumVisualStudioVersion = 10.0.40219.1
Project("{FAE04EC0-301F-11D3-BF4B-00C04F79EFBC}") = "Launcher", "Launcher.csproj", "{DC573965-653E-4183-BD26-A31ED00393F4}"
EndProject
Global
	GlobalSection(SolutionConfigurationPlatforms) = preSolution
		Debug|Any CPU = Debug|Any CPU
		Release|Any CPU = Release|Any CPU
	EndGlobalSection
	GlobalSection(ProjectConfigurationPlatforms) = postSolution
		{DC573965-653E-4183-BD26-A31ED00393F4}.Debug|Any CPU.ActiveCfg = Debug|Any CPU
		{DC573965-653E-4183-BD26-A31ED00393F4}.Debug|Any CPU.Build.0 = Debug|Any CPU
		{DC573965-653E-4183-BD26-A31ED00393F4}.Release|Any CPU.ActiveCfg = Release|Any CPU
		{DC573965-653E-4183-BD26-A31ED00393F4}.Release|Any CPU.Build.0 = Release|Any CPU
	EndGlobalSection
	GlobalSection(SolutionProperties) = preSolution
		HideSolutionNode = FALSE
	EndGlobalSection
	GlobalSection(ExtensibilityGlobals) = postSolution
		SolutionGuid = {1661516F-8B95-42EC-BA02-B8A17C9638E4}
	EndGlobalSection
EndGlobal
